
Microsoft Visual Studio Solution File, Format Version 12.00
# Visual Studio Version 16
VisualStudioVersion = 16.0.32126.315
MinimumVisualStudioVersion = 10.0.40219.1
Project("{9A19103F-16F7-4668-BE54-9A1E7A4F7556}") = "coreProject2", "coreProject2\coreProject2.csproj", "{5520D4CD-B42E-4AD9-A00F-9A2D3727A11D}"
EndProject
Project("{9A19103F-16F7-4668-BE54-9A1E7A4F7556}") = "Entity", "EntityLayer\Entity.csproj", "{0B2F53EA-F5F3-4AA6-9B5B-949BD50699D1}"
EndProject
Project("{9A19103F-16F7-4668-BE54-9A1E7A4F7556}") = "DataAccess", "DataAccessLayer\DataAccess.csproj", "{1AB4063B-4F40-4727-BA92-E40D8774F3E3}"
EndProject
Project("{9A19103F-16F7-4668-BE54-9A1E7A4F7556}") = "Core", "CoreLayer\Core.csproj", "{508FC5B1-E2A2-4043-B2E1-6E03535694A0}"
EndProject
Project("{9A19103F-16F7-4668-BE54-9A1E7A4F7556}") = "Business", "Business\Business.csproj", "{C7F9B350-40AD-46EA-9993-B6AFBF2509E3}"
EndProject
Project("{FAE04EC0-301F-11D3-BF4B-00C04F79EFBC}") = "BlogApi", "BlogApi\BlogApi.csproj", "{85BFA6FA-0138-4D84-AA32-DF40E74D23B5}"
EndProject
Global
	GlobalSection(SolutionConfigurationPlatforms) = preSolution
		Debug|Any CPU = Debug|Any CPU
		Release|Any CPU = Release|Any CPU
	EndGlobalSection
	GlobalSection(ProjectConfigurationPlatforms) = postSolution
		{5520D4CD-B42E-4AD9-A00F-9A2D3727A11D}.Debug|Any CPU.ActiveCfg = Debug|Any CPU
		{5520D4CD-B42E-4AD9-A00F-9A2D3727A11D}.Debug|Any CPU.Build.0 = Debug|Any CPU
		{5520D4CD-B42E-4AD9-A00F-9A2D3727A11D}.Release|Any CPU.ActiveCfg = Release|Any CPU
		{5520D4CD-B42E-4AD9-A00F-9A2D3727A11D}.Release|Any CPU.Build.0 = Release|Any CPU
		{0B2F53EA-F5F3-4AA6-9B5B-949BD50699D1}.Debug|Any CPU.ActiveCfg = Debug|Any CPU
		{0B2F53EA-F5F3-4AA6-9B5B-949BD50699D1}.Debug|Any CPU.Build.0 = Debug|Any CPU
		{0B2F53EA-F5F3-4AA6-9B5B-949BD50699D1}.Release|Any CPU.ActiveCfg = Release|Any CPU
		{0B2F53EA-F5F3-4AA6-9B5B-949BD50699D1}.Release|Any CPU.Build.0 = Release|Any CPU
		{1AB4063B-4F40-4727-BA92-E40D8774F3E3}.Debug|Any CPU.ActiveCfg = Debug|Any CPU
		{1AB4063B-4F40-4727-BA92-E40D8774F3E3}.Debug|Any CPU.Build.0 = Debug|Any CPU
		{1AB4063B-4F40-4727-BA92-E40D8774F3E3}.Release|Any CPU.ActiveCfg = Release|Any CPU
		{1AB4063B-4F40-4727-BA92-E40D8774F3E3}.Release|Any CPU.Build.0 = Release|Any CPU
		{508FC5B1-E2A2-4043-B2E1-6E03535694A0}.Debug|Any CPU.ActiveCfg = Debug|Any CPU
		{508FC5B1-E2A2-4043-B2E1-6E03535694A0}.Debug|Any CPU.Build.0 = Debug|Any CPU
		{508FC5B1-E2A2-4043-B2E1-6E03535694A0}.Release|Any CPU.ActiveCfg = Release|Any CPU
		{508FC5B1-E2A2-4043-B2E1-6E03535694A0}.Release|Any CPU.Build.0 = Release|Any CPU
		{C7F9B350-40AD-46EA-9993-B6AFBF2509E3}.Debug|Any CPU.ActiveCfg = Debug|Any CPU
		{C7F9B350-40AD-46EA-9993-B6AFBF2509E3}.Debug|Any CPU.Build.0 = Debug|Any CPU
		{C7F9B350-40AD-46EA-9993-B6AFBF2509E3}.Release|Any CPU.ActiveCfg = Release|Any CPU
		{C7F9B350-40AD-46EA-9993-B6AFBF2509E3}.Release|Any CPU.Build.0 = Release|Any CPU
		{85BFA6FA-0138-4D84-AA32-DF40E74D23B5}.Debug|Any CPU.ActiveCfg = Debug|Any CPU
		{85BFA6FA-0138-4D84-AA32-DF40E74D23B5}.Debug|Any CPU.Build.0 = Debug|Any CPU
		{85BFA6FA-0138-4D84-AA32-DF40E74D23B5}.Release|Any CPU.ActiveCfg = Release|Any CPU
		{85BFA6FA-0138-4D84-AA32-DF40E74D23B5}.Release|Any CPU.Build.0 = Release|Any CPU
	EndGlobalSection
	GlobalSection(SolutionProperties) = preSolution
		HideSolutionNode = FALSE
	EndGlobalSection
	GlobalSection(ExtensibilityGlobals) = postSolution
		SolutionGuid = {D11F79B0-A0AF-4C8F-AE3B-1FF863E75452}
	EndGlobalSection
EndGlobal
